
Microsoft Visual Studio Solution File, Format Version 12.00
# Visual Studio Version 17
VisualStudioVersion = 17.3.32825.248
MinimumVisualStudioVersion = 10.0.40219.1
Project("{FAE04EC0-301F-11D3-BF4B-00C04F79EFBC}") = "Card Game", "Card Game.csproj", "{FD030ADC-BA5A-4404-B845-25097A6B65F4}"
EndProject
Global
	GlobalSection(SolutionConfigurationPlatforms) = preSolution
		Debug|Any CPU = Debug|Any CPU
		Release|Any CPU = Release|Any CPU
	EndGlobalSection
	GlobalSection(ProjectConfigurationPlatforms) = postSolution
		{FD030ADC-BA5A-4404-B845-25097A6B65F4}.Debug|Any CPU.ActiveCfg = Debug|Any CPU
		{FD030ADC-BA5A-4404-B845-25097A6B65F4}.Debug|Any CPU.Build.0 = Debug|Any CPU
		{FD030ADC-BA5A-4404-B845-25097A6B65F4}.Release|Any CPU.ActiveCfg = Release|Any CPU
		{FD030ADC-BA5A-4404-B845-25097A6B65F4}.Release|Any CPU.Build.0 = Release|Any CPU
	EndGlobalSection
	GlobalSection(SolutionProperties) = preSolution
		HideSolutionNode = FALSE
	EndGlobalSection
	GlobalSection(ExtensibilityGlobals) = postSolution
		SolutionGuid = {AD2C624E-AF51-4925-A54D-7EC02832802B}
	EndGlobalSection
EndGlobal
